// !$*UTF8*$!
{
	archiveVersion = 1;
	classes = {
	};
	objectVersion = 55;
	objects = {

/* Begin PBXBuildFile section */
		4905D3702739E5EB0017AFC2 /* Activity_TrackerApp.swift in Sources */ = {isa = PBXBuildFile; fileRef = 4905D36F2739E5EB0017AFC2 /* Activity_TrackerApp.swift */; };
		4905D3722739E5EB0017AFC2 /* HomeScreen.swift in Sources */ = {isa = PBXBuildFile; fileRef = 4905D3712739E5EB0017AFC2 /* HomeScreen.swift */; };
		4905D3742739E5ED0017AFC2 /* Assets.xcassets in Resources */ = {isa = PBXBuildFile; fileRef = 4905D3732739E5ED0017AFC2 /* Assets.xcassets */; };
		4905D3772739E5ED0017AFC2 /* Preview Assets.xcassets in Resources */ = {isa = PBXBuildFile; fileRef = 4905D3762739E5ED0017AFC2 /* Preview Assets.xcassets */; };
		4905D3792739E5ED0017AFC2 /* Persistence.swift in Sources */ = {isa = PBXBuildFile; fileRef = 4905D3782739E5ED0017AFC2 /* Persistence.swift */; };
		4905D37C2739E5ED0017AFC2 /* Activity_Tracker.xcdatamodeld in Sources */ = {isa = PBXBuildFile; fileRef = 4905D37A2739E5ED0017AFC2 /* Activity_Tracker.xcdatamodeld */; };
		4905D3842739E7A40017AFC2 /* Buttonify.swift in Sources */ = {isa = PBXBuildFile; fileRef = 4905D3832739E7A40017AFC2 /* Buttonify.swift */; };
		4905D3AF273B175E0017AFC2 /* UtilityView.swift in Sources */ = {isa = PBXBuildFile; fileRef = 4905D3AE273B175E0017AFC2 /* UtilityView.swift */; };
		4905D3B2273B38C70017AFC2 /* SwiftUIFlowLayout in Frameworks */ = {isa = PBXBuildFile; productRef = 4905D3B1273B38C70017AFC2 /* SwiftUIFlowLayout */; };
		4905D3B5273B3F380017AFC2 /* Colors.swift in Sources */ = {isa = PBXBuildFile; fileRef = 4905D3B4273B3F380017AFC2 /* Colors.swift */; };
		4905D3B7273B40660017AFC2 /* Texts.swift in Sources */ = {isa = PBXBuildFile; fileRef = 4905D3B6273B40660017AFC2 /* Texts.swift */; };
		4905D3C6273C5E480017AFC2 /* ActivityTrackerTab.swift in Sources */ = {isa = PBXBuildFile; fileRef = 4905D3C5273C5E480017AFC2 /* ActivityTrackerTab.swift */; };
		4905D3C8273C68400017AFC2 /* RoundedCorner.swift in Sources */ = {isa = PBXBuildFile; fileRef = 4905D3C7273C68400017AFC2 /* RoundedCorner.swift */; };
		4905D3CA273C71770017AFC2 /* SearchScreen.swift in Sources */ = {isa = PBXBuildFile; fileRef = 4905D3C9273C71770017AFC2 /* SearchScreen.swift */; };
		4905D3CD273D98E40017AFC2 /* ActivityCardView.swift in Sources */ = {isa = PBXBuildFile; fileRef = 4905D3CC273D98E40017AFC2 /* ActivityCardView.swift */; };
		4905D3CF273D99D70017AFC2 /* PreviewData.swift in Sources */ = {isa = PBXBuildFile; fileRef = 4905D3CE273D99D70017AFC2 /* PreviewData.swift */; };
		4905D3D2273D9E1C0017AFC2 /* Folder.swift in Sources */ = {isa = PBXBuildFile; fileRef = 4905D3D1273D9E1C0017AFC2 /* Folder.swift */; };
		4905D3D4273D9F4E0017AFC2 /* Tag.swift in Sources */ = {isa = PBXBuildFile; fileRef = 4905D3D3273D9F4E0017AFC2 /* Tag.swift */; };
		4905D3D6273D9FDF0017AFC2 /* Activity.swift in Sources */ = {isa = PBXBuildFile; fileRef = 4905D3D5273D9FDF0017AFC2 /* Activity.swift */; };
		4905D3D9273DA0E20017AFC2 /* Date+Extensions.swift in Sources */ = {isa = PBXBuildFile; fileRef = 4905D3D8273DA0E20017AFC2 /* Date+Extensions.swift */; };
		4905D3DB273DA3000017AFC2 /* ActivitiesListView.swift in Sources */ = {isa = PBXBuildFile; fileRef = 4905D3DA273DA3000017AFC2 /* ActivitiesListView.swift */; };
		4905D3DE273DA3E80017AFC2 /* Searchable.swift in Sources */ = {isa = PBXBuildFile; fileRef = 4905D3DD273DA3E80017AFC2 /* Searchable.swift */; };
		4905D3E0273DA48F0017AFC2 /* Entity.swift in Sources */ = {isa = PBXBuildFile; fileRef = 4905D3DF273DA48F0017AFC2 /* Entity.swift */; };
		4905D3E2273DB3490017AFC2 /* CalendarAndDateSelectorView.swift in Sources */ = {isa = PBXBuildFile; fileRef = 4905D3E1273DB3490017AFC2 /* CalendarAndDateSelectorView.swift */; };
		4905D3E4273DB58E0017AFC2 /* DaySelected.swift in Sources */ = {isa = PBXBuildFile; fileRef = 4905D3E3273DB58E0017AFC2 /* DaySelected.swift */; };
		4905D3E7273DBC630017AFC2 /* Helpers.swift in Sources */ = {isa = PBXBuildFile; fileRef = 4905D3E6273DBC630017AFC2 /* Helpers.swift */; };
		4905D3E9273DC6FD0017AFC2 /* DatePickerView.swift in Sources */ = {isa = PBXBuildFile; fileRef = 4905D3E8273DC6FD0017AFC2 /* DatePickerView.swift */; };
		4905D3EB273E02290017AFC2 /* DetailScreen.swift in Sources */ = {isa = PBXBuildFile; fileRef = 4905D3EA273E02290017AFC2 /* DetailScreen.swift */; };
		4929682C273EC67000DA88F0 /* AddEditActivityScreen.swift in Sources */ = {isa = PBXBuildFile; fileRef = 4929682B273EC67000DA88F0 /* AddEditActivityScreen.swift */; };
		4929682E273ED15400DA88F0 /* SelectTagsScreen.swift in Sources */ = {isa = PBXBuildFile; fileRef = 4929682D273ED15400DA88F0 /* SelectTagsScreen.swift */; };
		49296830273EEA4E00DA88F0 /* AddTagScreen.swift in Sources */ = {isa = PBXBuildFile; fileRef = 4929682F273EEA4E00DA88F0 /* AddTagScreen.swift */; };
		49296832273EEA8B00DA88F0 /* CancelDoneView.swift in Sources */ = {isa = PBXBuildFile; fileRef = 49296831273EEA8B00DA88F0 /* CancelDoneView.swift */; };
		49296834273EEEB800DA88F0 /* SelectFolderScreen.swift in Sources */ = {isa = PBXBuildFile; fileRef = 49296833273EEEB800DA88F0 /* SelectFolderScreen.swift */; };
		49296836273EF46F00DA88F0 /* ExpandableTextView.swift in Sources */ = {isa = PBXBuildFile; fileRef = 49296835273EF46E00DA88F0 /* ExpandableTextView.swift */; };
		4929683A273F68C900DA88F0 /* FlowLayout.swift in Sources */ = {isa = PBXBuildFile; fileRef = 49296839273F68C900DA88F0 /* FlowLayout.swift */; };
		4929683C2740A16800DA88F0 /* AddNewButtonView.swift in Sources */ = {isa = PBXBuildFile; fileRef = 4929683B2740A16800DA88F0 /* AddNewButtonView.swift */; };
		4929683E2742EDA800DA88F0 /* ErrorShower.swift in Sources */ = {isa = PBXBuildFile; fileRef = 4929683D2742EDA800DA88F0 /* ErrorShower.swift */; };
		492968402742EF8200DA88F0 /* Error.swift in Sources */ = {isa = PBXBuildFile; fileRef = 4929683F2742EF8200DA88F0 /* Error.swift */; };
		492968432743014500DA88F0 /* Labels.swift in Sources */ = {isa = PBXBuildFile; fileRef = 492968422743014500DA88F0 /* Labels.swift */; };
		492968452744273D00DA88F0 /* ViewAddPhotosScreen.swift in Sources */ = {isa = PBXBuildFile; fileRef = 492968442744273D00DA88F0 /* ViewAddPhotosScreen.swift */; };
		492968472744275F00DA88F0 /* Photo.swift in Sources */ = {isa = PBXBuildFile; fileRef = 492968462744275F00DA88F0 /* Photo.swift */; };
		4929684D2744303800DA88F0 /* CameraAndLibraryScreen.swift in Sources */ = {isa = PBXBuildFile; fileRef = 4929684C2744303800DA88F0 /* CameraAndLibraryScreen.swift */; };
		492968502744378E00DA88F0 /* YPImagePicker in Frameworks */ = {isa = PBXBuildFile; productRef = 4929684F2744378E00DA88F0 /* YPImagePicker */; };
		492968532744415500DA88F0 /* ImageViewer in Frameworks */ = {isa = PBXBuildFile; productRef = 492968522744415500DA88F0 /* ImageViewer */; };
		492968552745757500DA88F0 /* ConfirmShower.swift in Sources */ = {isa = PBXBuildFile; fileRef = 492968542745757400DA88F0 /* ConfirmShower.swift */; };
/* End PBXBuildFile section */

/* Begin PBXFileReference section */
		4905D36C2739E5EB0017AFC2 /* Activity Tracker.app */ = {isa = PBXFileReference; explicitFileType = wrapper.application; includeInIndex = 0; path = "Activity Tracker.app"; sourceTree = BUILT_PRODUCTS_DIR; };
		4905D36F2739E5EB0017AFC2 /* Activity_TrackerApp.swift */ = {isa = PBXFileReference; lastKnownFileType = sourcecode.swift; path = Activity_TrackerApp.swift; sourceTree = "<group>"; };
		4905D3712739E5EB0017AFC2 /* HomeScreen.swift */ = {isa = PBXFileReference; lastKnownFileType = sourcecode.swift; path = HomeScreen.swift; sourceTree = "<group>"; };
		4905D3732739E5ED0017AFC2 /* Assets.xcassets */ = {isa = PBXFileReference; lastKnownFileType = folder.assetcatalog; path = Assets.xcassets; sourceTree = "<group>"; };
		4905D3762739E5ED0017AFC2 /* Preview Assets.xcassets */ = {isa = PBXFileReference; lastKnownFileType = folder.assetcatalog; path = "Preview Assets.xcassets"; sourceTree = "<group>"; };
		4905D3782739E5ED0017AFC2 /* Persistence.swift */ = {isa = PBXFileReference; lastKnownFileType = sourcecode.swift; path = Persistence.swift; sourceTree = "<group>"; };
		4905D37B2739E5ED0017AFC2 /* Activity_Tracker.xcdatamodel */ = {isa = PBXFileReference; lastKnownFileType = wrapper.xcdatamodel; path = Activity_Tracker.xcdatamodel; sourceTree = "<group>"; };
		4905D3832739E7A40017AFC2 /* Buttonify.swift */ = {isa = PBXFileReference; lastKnownFileType = sourcecode.swift; path = Buttonify.swift; sourceTree = "<group>"; };
		4905D3AE273B175E0017AFC2 /* UtilityView.swift */ = {isa = PBXFileReference; lastKnownFileType = sourcecode.swift; path = UtilityView.swift; sourceTree = "<group>"; };
		4905D3B4273B3F380017AFC2 /* Colors.swift */ = {isa = PBXFileReference; lastKnownFileType = sourcecode.swift; path = Colors.swift; sourceTree = "<group>"; };
		4905D3B6273B40660017AFC2 /* Texts.swift */ = {isa = PBXFileReference; lastKnownFileType = sourcecode.swift; path = Texts.swift; sourceTree = "<group>"; };
		4905D3C5273C5E480017AFC2 /* ActivityTrackerTab.swift */ = {isa = PBXFileReference; lastKnownFileType = sourcecode.swift; path = ActivityTrackerTab.swift; sourceTree = "<group>"; };
		4905D3C7273C68400017AFC2 /* RoundedCorner.swift */ = {isa = PBXFileReference; lastKnownFileType = sourcecode.swift; path = RoundedCorner.swift; sourceTree = "<group>"; };
		4905D3C9273C71770017AFC2 /* SearchScreen.swift */ = {isa = PBXFileReference; lastKnownFileType = sourcecode.swift; path = SearchScreen.swift; sourceTree = "<group>"; };
		4905D3CC273D98E40017AFC2 /* ActivityCardView.swift */ = {isa = PBXFileReference; lastKnownFileType = sourcecode.swift; path = ActivityCardView.swift; sourceTree = "<group>"; };
		4905D3CE273D99D70017AFC2 /* PreviewData.swift */ = {isa = PBXFileReference; fileEncoding = 4; lastKnownFileType = sourcecode.swift; path = PreviewData.swift; sourceTree = "<group>"; };
		4905D3D1273D9E1C0017AFC2 /* Folder.swift */ = {isa = PBXFileReference; lastKnownFileType = sourcecode.swift; path = Folder.swift; sourceTree = "<group>"; };
		4905D3D3273D9F4E0017AFC2 /* Tag.swift */ = {isa = PBXFileReference; lastKnownFileType = sourcecode.swift; path = Tag.swift; sourceTree = "<group>"; };
		4905D3D5273D9FDF0017AFC2 /* Activity.swift */ = {isa = PBXFileReference; lastKnownFileType = sourcecode.swift; path = Activity.swift; sourceTree = "<group>"; };
		4905D3D8273DA0E20017AFC2 /* Date+Extensions.swift */ = {isa = PBXFileReference; fileEncoding = 4; lastKnownFileType = sourcecode.swift; path = "Date+Extensions.swift"; sourceTree = "<group>"; };
		4905D3DA273DA3000017AFC2 /* ActivitiesListView.swift */ = {isa = PBXFileReference; lastKnownFileType = sourcecode.swift; path = ActivitiesListView.swift; sourceTree = "<group>"; };
		4905D3DD273DA3E80017AFC2 /* Searchable.swift */ = {isa = PBXFileReference; lastKnownFileType = sourcecode.swift; path = Searchable.swift; sourceTree = "<group>"; };
		4905D3DF273DA48F0017AFC2 /* Entity.swift */ = {isa = PBXFileReference; lastKnownFileType = sourcecode.swift; path = Entity.swift; sourceTree = "<group>"; };
		4905D3E1273DB3490017AFC2 /* CalendarAndDateSelectorView.swift */ = {isa = PBXFileReference; lastKnownFileType = sourcecode.swift; path = CalendarAndDateSelectorView.swift; sourceTree = "<group>"; };
		4905D3E3273DB58E0017AFC2 /* DaySelected.swift */ = {isa = PBXFileReference; lastKnownFileType = sourcecode.swift; path = DaySelected.swift; sourceTree = "<group>"; };
		4905D3E6273DBC630017AFC2 /* Helpers.swift */ = {isa = PBXFileReference; lastKnownFileType = sourcecode.swift; path = Helpers.swift; sourceTree = "<group>"; };
		4905D3E8273DC6FD0017AFC2 /* DatePickerView.swift */ = {isa = PBXFileReference; fileEncoding = 4; lastKnownFileType = sourcecode.swift; path = DatePickerView.swift; sourceTree = "<group>"; };
		4905D3EA273E02290017AFC2 /* DetailScreen.swift */ = {isa = PBXFileReference; lastKnownFileType = sourcecode.swift; path = DetailScreen.swift; sourceTree = "<group>"; };
		4929682B273EC67000DA88F0 /* AddEditActivityScreen.swift */ = {isa = PBXFileReference; lastKnownFileType = sourcecode.swift; path = AddEditActivityScreen.swift; sourceTree = "<group>"; };
		4929682D273ED15400DA88F0 /* SelectTagsScreen.swift */ = {isa = PBXFileReference; lastKnownFileType = sourcecode.swift; path = SelectTagsScreen.swift; sourceTree = "<group>"; };
		4929682F273EEA4E00DA88F0 /* AddTagScreen.swift */ = {isa = PBXFileReference; lastKnownFileType = sourcecode.swift; path = AddTagScreen.swift; sourceTree = "<group>"; };
		49296831273EEA8B00DA88F0 /* CancelDoneView.swift */ = {isa = PBXFileReference; lastKnownFileType = sourcecode.swift; path = CancelDoneView.swift; sourceTree = "<group>"; };
		49296833273EEEB800DA88F0 /* SelectFolderScreen.swift */ = {isa = PBXFileReference; lastKnownFileType = sourcecode.swift; path = SelectFolderScreen.swift; sourceTree = "<group>"; };
		49296835273EF46E00DA88F0 /* ExpandableTextView.swift */ = {isa = PBXFileReference; lastKnownFileType = sourcecode.swift; path = ExpandableTextView.swift; sourceTree = "<group>"; };
		49296839273F68C900DA88F0 /* FlowLayout.swift */ = {isa = PBXFileReference; lastKnownFileType = sourcecode.swift; path = FlowLayout.swift; sourceTree = "<group>"; };
		4929683B2740A16800DA88F0 /* AddNewButtonView.swift */ = {isa = PBXFileReference; lastKnownFileType = sourcecode.swift; path = AddNewButtonView.swift; sourceTree = "<group>"; };
		4929683D2742EDA800DA88F0 /* ErrorShower.swift */ = {isa = PBXFileReference; lastKnownFileType = sourcecode.swift; path = ErrorShower.swift; sourceTree = "<group>"; };
		4929683F2742EF8200DA88F0 /* Error.swift */ = {isa = PBXFileReference; lastKnownFileType = sourcecode.swift; path = Error.swift; sourceTree = "<group>"; };
		492968422743014500DA88F0 /* Labels.swift */ = {isa = PBXFileReference; lastKnownFileType = sourcecode.swift; path = Labels.swift; sourceTree = "<group>"; };
		492968442744273D00DA88F0 /* ViewAddPhotosScreen.swift */ = {isa = PBXFileReference; lastKnownFileType = sourcecode.swift; path = ViewAddPhotosScreen.swift; sourceTree = "<group>"; };
		492968462744275F00DA88F0 /* Photo.swift */ = {isa = PBXFileReference; lastKnownFileType = sourcecode.swift; path = Photo.swift; sourceTree = "<group>"; };
		4929684C2744303800DA88F0 /* CameraAndLibraryScreen.swift */ = {isa = PBXFileReference; lastKnownFileType = sourcecode.swift; path = CameraAndLibraryScreen.swift; sourceTree = "<group>"; };
		492968542745757400DA88F0 /* ConfirmShower.swift */ = {isa = PBXFileReference; lastKnownFileType = sourcecode.swift; path = ConfirmShower.swift; sourceTree = "<group>"; };
/* End PBXFileReference section */

/* Begin PBXFrameworksBuildPhase section */
		4905D3692739E5EB0017AFC2 /* Frameworks */ = {
			isa = PBXFrameworksBuildPhase;
			buildActionMask = 2147483647;
			files = (
				4905D3B2273B38C70017AFC2 /* SwiftUIFlowLayout in Frameworks */,
				492968532744415500DA88F0 /* ImageViewer in Frameworks */,
				492968502744378E00DA88F0 /* YPImagePicker in Frameworks */,
			);
			runOnlyForDeploymentPostprocessing = 0;
		};
/* End PBXFrameworksBuildPhase section */

/* Begin PBXGroup section */
		4905D3632739E5EB0017AFC2 = {
			isa = PBXGroup;
			children = (
				4905D36E2739E5EB0017AFC2 /* Activity Tracker */,
				4905D36D2739E5EB0017AFC2 /* Products */,
			);
			sourceTree = "<group>";
		};
		4905D36D2739E5EB0017AFC2 /* Products */ = {
			isa = PBXGroup;
			children = (
				4905D36C2739E5EB0017AFC2 /* Activity Tracker.app */,
			);
			name = Products;
			sourceTree = "<group>";
		};
		4905D36E2739E5EB0017AFC2 /* Activity Tracker */ = {
			isa = PBXGroup;
			children = (
				492968412743013100DA88F0 /* Configs */,
				4905D3E5273DBC090017AFC2 /* Utilities */,
				4905D3DC273DA3DF0017AFC2 /* Protocols */,
				4905D3D7273DA0D70017AFC2 /* Extensions */,
				4905D3D0273D9DD00017AFC2 /* Models */,
				4905D3CB273D98CC0017AFC2 /* Views */,
				4905D3C4273C5E0D0017AFC2 /* Screens */,
				4905D3B3273B3F2B0017AFC2 /* Styles */,
				4905D3822739E7290017AFC2 /* View Modifiers */,
				4905D36F2739E5EB0017AFC2 /* Activity_TrackerApp.swift */,
				4905D3732739E5ED0017AFC2 /* Assets.xcassets */,
				4905D3782739E5ED0017AFC2 /* Persistence.swift */,
				4905D37A2739E5ED0017AFC2 /* Activity_Tracker.xcdatamodeld */,
				4905D3752739E5ED0017AFC2 /* Preview Content */,
			);
			path = "Activity Tracker";
			sourceTree = "<group>";
		};
		4905D3752739E5ED0017AFC2 /* Preview Content */ = {
			isa = PBXGroup;
			children = (
				4905D3CE273D99D70017AFC2 /* PreviewData.swift */,
				4905D3762739E5ED0017AFC2 /* Preview Assets.xcassets */,
			);
			path = "Preview Content";
			sourceTree = "<group>";
		};
		4905D3822739E7290017AFC2 /* View Modifiers */ = {
			isa = PBXGroup;
			children = (
				4905D3832739E7A40017AFC2 /* Buttonify.swift */,
				4905D3C7273C68400017AFC2 /* RoundedCorner.swift */,
				4905D3E3273DB58E0017AFC2 /* DaySelected.swift */,
				4929683D2742EDA800DA88F0 /* ErrorShower.swift */,
				492968542745757400DA88F0 /* ConfirmShower.swift */,
			);
			path = "View Modifiers";
			sourceTree = "<group>";
		};
		4905D3B3273B3F2B0017AFC2 /* Styles */ = {
			isa = PBXGroup;
			children = (
				4905D3B4273B3F380017AFC2 /* Colors.swift */,
				4905D3B6273B40660017AFC2 /* Texts.swift */,
			);
			path = Styles;
			sourceTree = "<group>";
		};
		4905D3C4273C5E0D0017AFC2 /* Screens */ = {
			isa = PBXGroup;
			children = (
				4929684C2744303800DA88F0 /* CameraAndLibraryScreen.swift */,
				4905D3712739E5EB0017AFC2 /* HomeScreen.swift */,
				4905D3C5273C5E480017AFC2 /* ActivityTrackerTab.swift */,
				4905D3C9273C71770017AFC2 /* SearchScreen.swift */,
				4905D3EA273E02290017AFC2 /* DetailScreen.swift */,
				4929682B273EC67000DA88F0 /* AddEditActivityScreen.swift */,
				4929682D273ED15400DA88F0 /* SelectTagsScreen.swift */,
				4929682F273EEA4E00DA88F0 /* AddTagScreen.swift */,
				49296833273EEEB800DA88F0 /* SelectFolderScreen.swift */,
				49296839273F68C900DA88F0 /* FlowLayout.swift */,
				492968442744273D00DA88F0 /* ViewAddPhotosScreen.swift */,
			);
			path = Screens;
			sourceTree = "<group>";
		};
		4905D3CB273D98CC0017AFC2 /* Views */ = {
			isa = PBXGroup;
			children = (
				4905D3E8273DC6FD0017AFC2 /* DatePickerView.swift */,
				4905D3CC273D98E40017AFC2 /* ActivityCardView.swift */,
				4905D3DA273DA3000017AFC2 /* ActivitiesListView.swift */,
				4905D3E1273DB3490017AFC2 /* CalendarAndDateSelectorView.swift */,
				49296831273EEA8B00DA88F0 /* CancelDoneView.swift */,
				49296835273EF46E00DA88F0 /* ExpandableTextView.swift */,
				4929683B2740A16800DA88F0 /* AddNewButtonView.swift */,
			);
			path = Views;
			sourceTree = "<group>";
		};
		4905D3D0273D9DD00017AFC2 /* Models */ = {
			isa = PBXGroup;
			children = (
				4905D3D1273D9E1C0017AFC2 /* Folder.swift */,
				4905D3D3273D9F4E0017AFC2 /* Tag.swift */,
				4905D3D5273D9FDF0017AFC2 /* Activity.swift */,
				4929683F2742EF8200DA88F0 /* Error.swift */,
				492968462744275F00DA88F0 /* Photo.swift */,
			);
			path = Models;
			sourceTree = "<group>";
		};
		4905D3D7273DA0D70017AFC2 /* Extensions */ = {
			isa = PBXGroup;
			children = (
				4905D3AE273B175E0017AFC2 /* UtilityView.swift */,
				4905D3D8273DA0E20017AFC2 /* Date+Extensions.swift */,
			);
			path = Extensions;
			sourceTree = "<group>";
		};
		4905D3DC273DA3DF0017AFC2 /* Protocols */ = {
			isa = PBXGroup;
			children = (
				4905D3DD273DA3E80017AFC2 /* Searchable.swift */,
				4905D3DF273DA48F0017AFC2 /* Entity.swift */,
			);
			path = Protocols;
			sourceTree = "<group>";
		};
		4905D3E5273DBC090017AFC2 /* Utilities */ = {
			isa = PBXGroup;
			children = (
				4905D3E6273DBC630017AFC2 /* Helpers.swift */,
			);
			path = Utilities;
			sourceTree = "<group>";
		};
		492968412743013100DA88F0 /* Configs */ = {
			isa = PBXGroup;
			children = (
				492968422743014500DA88F0 /* Labels.swift */,
			);
			path = Configs;
			sourceTree = "<group>";
		};
/* End PBXGroup section */

/* Begin PBXNativeTarget section */
		4905D36B2739E5EB0017AFC2 /* Activity Tracker */ = {
			isa = PBXNativeTarget;
			buildConfigurationList = 4905D37F2739E5ED0017AFC2 /* Build configuration list for PBXNativeTarget "Activity Tracker" */;
			buildPhases = (
				4905D3682739E5EB0017AFC2 /* Sources */,
				4905D3692739E5EB0017AFC2 /* Frameworks */,
				4905D36A2739E5EB0017AFC2 /* Resources */,
			);
			buildRules = (
			);
			dependencies = (
			);
			name = "Activity Tracker";
			packageProductDependencies = (
				4905D3B1273B38C70017AFC2 /* SwiftUIFlowLayout */,
				4929684F2744378E00DA88F0 /* YPImagePicker */,
				492968522744415500DA88F0 /* ImageViewer */,
			);
			productName = "Activity Tracker";
			productReference = 4905D36C2739E5EB0017AFC2 /* Activity Tracker.app */;
			productType = "com.apple.product-type.application";
		};
/* End PBXNativeTarget section */

/* Begin PBXProject section */
		4905D3642739E5EB0017AFC2 /* Project object */ = {
			isa = PBXProject;
			attributes = {
				BuildIndependentTargetsInParallel = 1;
				LastSwiftUpdateCheck = 1310;
				LastUpgradeCheck = 1310;
				TargetAttributes = {
					4905D36B2739E5EB0017AFC2 = {
						CreatedOnToolsVersion = 13.1;
					};
				};
			};
			buildConfigurationList = 4905D3672739E5EB0017AFC2 /* Build configuration list for PBXProject "Activity Tracker" */;
			compatibilityVersion = "Xcode 13.0";
			developmentRegion = en;
			hasScannedForEncodings = 0;
			knownRegions = (
				en,
				Base,
			);
			mainGroup = 4905D3632739E5EB0017AFC2;
			packageReferences = (
				4905D3B0273B38C70017AFC2 /* XCRemoteSwiftPackageReference "swiftui-flow-layout" */,
				4929684E2744378E00DA88F0 /* XCRemoteSwiftPackageReference "YPImagePicker" */,
				492968512744415500DA88F0 /* XCRemoteSwiftPackageReference "swiftui-image-viewer" */,
			);
			productRefGroup = 4905D36D2739E5EB0017AFC2 /* Products */;
			projectDirPath = "";
			projectRoot = "";
			targets = (
				4905D36B2739E5EB0017AFC2 /* Activity Tracker */,
			);
		};
/* End PBXProject section */

/* Begin PBXResourcesBuildPhase section */
		4905D36A2739E5EB0017AFC2 /* Resources */ = {
			isa = PBXResourcesBuildPhase;
			buildActionMask = 2147483647;
			files = (
				4905D3772739E5ED0017AFC2 /* Preview Assets.xcassets in Resources */,
				4905D3742739E5ED0017AFC2 /* Assets.xcassets in Resources */,
			);
			runOnlyForDeploymentPostprocessing = 0;
		};
/* End PBXResourcesBuildPhase section */

/* Begin PBXSourcesBuildPhase section */
		4905D3682739E5EB0017AFC2 /* Sources */ = {
			isa = PBXSourcesBuildPhase;
			buildActionMask = 2147483647;
			files = (
				4905D3842739E7A40017AFC2 /* Buttonify.swift in Sources */,
				4929683A273F68C900DA88F0 /* FlowLayout.swift in Sources */,
				4905D3DB273DA3000017AFC2 /* ActivitiesListView.swift in Sources */,
				4929684D2744303800DA88F0 /* CameraAndLibraryScreen.swift in Sources */,
				49296832273EEA8B00DA88F0 /* CancelDoneView.swift in Sources */,
				4929682E273ED15400DA88F0 /* SelectTagsScreen.swift in Sources */,
				4905D3AF273B175E0017AFC2 /* UtilityView.swift in Sources */,
				4905D3C8273C68400017AFC2 /* RoundedCorner.swift in Sources */,
				4905D3E7273DBC630017AFC2 /* Helpers.swift in Sources */,
				4905D3EB273E02290017AFC2 /* DetailScreen.swift in Sources */,
				4905D3CD273D98E40017AFC2 /* ActivityCardView.swift in Sources */,
				4905D3E9273DC6FD0017AFC2 /* DatePickerView.swift in Sources */,
				492968552745757500DA88F0 /* ConfirmShower.swift in Sources */,
				4905D3CF273D99D70017AFC2 /* PreviewData.swift in Sources */,
				492968472744275F00DA88F0 /* Photo.swift in Sources */,
				492968452744273D00DA88F0 /* ViewAddPhotosScreen.swift in Sources */,
				49296836273EF46F00DA88F0 /* ExpandableTextView.swift in Sources */,
				4905D3C6273C5E480017AFC2 /* ActivityTrackerTab.swift in Sources */,
				492968432743014500DA88F0 /* Labels.swift in Sources */,
				4929683E2742EDA800DA88F0 /* ErrorShower.swift in Sources */,
				4905D3D6273D9FDF0017AFC2 /* Activity.swift in Sources */,
				4905D3792739E5ED0017AFC2 /* Persistence.swift in Sources */,
				4905D3E4273DB58E0017AFC2 /* DaySelected.swift in Sources */,
				4905D3D9273DA0E20017AFC2 /* Date+Extensions.swift in Sources */,
				4905D3B5273B3F380017AFC2 /* Colors.swift in Sources */,
				4905D37C2739E5ED0017AFC2 /* Activity_Tracker.xcdatamodeld in Sources */,
				4905D3722739E5EB0017AFC2 /* HomeScreen.swift in Sources */,
				4905D3DE273DA3E80017AFC2 /* Searchable.swift in Sources */,
				4905D3B7273B40660017AFC2 /* Texts.swift in Sources */,
				4905D3702739E5EB0017AFC2 /* Activity_TrackerApp.swift in Sources */,
				4905D3E0273DA48F0017AFC2 /* Entity.swift in Sources */,
				4905D3E2273DB3490017AFC2 /* CalendarAndDateSelectorView.swift in Sources */,
				4929682C273EC67000DA88F0 /* AddEditActivityScreen.swift in Sources */,
				4905D3D4273D9F4E0017AFC2 /* Tag.swift in Sources */,
				4905D3CA273C71770017AFC2 /* SearchScreen.swift in Sources */,
				49296834273EEEB800DA88F0 /* SelectFolderScreen.swift in Sources */,
				4929683C2740A16800DA88F0 /* AddNewButtonView.swift in Sources */,
				49296830273EEA4E00DA88F0 /* AddTagScreen.swift in Sources */,
				492968402742EF8200DA88F0 /* Error.swift in Sources */,
				4905D3D2273D9E1C0017AFC2 /* Folder.swift in Sources */,
			);
			runOnlyForDeploymentPostprocessing = 0;
		};
/* End PBXSourcesBuildPhase section */

/* Begin XCBuildConfiguration section */
		4905D37D2739E5ED0017AFC2 /* Debug */ = {
			isa = XCBuildConfiguration;
			buildSettings = {
				ALWAYS_SEARCH_USER_PATHS = NO;
				CLANG_ANALYZER_NONNULL = YES;
				CLANG_ANALYZER_NUMBER_OBJECT_CONVERSION = YES_AGGRESSIVE;
				CLANG_CXX_LANGUAGE_STANDARD = "gnu++17";
				CLANG_CXX_LIBRARY = "libc++";
				CLANG_ENABLE_MODULES = YES;
				CLANG_ENABLE_OBJC_ARC = YES;
				CLANG_ENABLE_OBJC_WEAK = YES;
				CLANG_WARN_BLOCK_CAPTURE_AUTORELEASING = YES;
				CLANG_WARN_BOOL_CONVERSION = YES;
				CLANG_WARN_COMMA = YES;
				CLANG_WARN_CONSTANT_CONVERSION = YES;
				CLANG_WARN_DEPRECATED_OBJC_IMPLEMENTATIONS = YES;
				CLANG_WARN_DIRECT_OBJC_ISA_USAGE = YES_ERROR;
				CLANG_WARN_DOCUMENTATION_COMMENTS = YES;
				CLANG_WARN_EMPTY_BODY = YES;
				CLANG_WARN_ENUM_CONVERSION = YES;
				CLANG_WARN_INFINITE_RECURSION = YES;
				CLANG_WARN_INT_CONVERSION = YES;
				CLANG_WARN_NON_LITERAL_NULL_CONVERSION = YES;
				CLANG_WARN_OBJC_IMPLICIT_RETAIN_SELF = YES;
				CLANG_WARN_OBJC_LITERAL_CONVERSION = YES;
				CLANG_WARN_OBJC_ROOT_CLASS = YES_ERROR;
				CLANG_WARN_QUOTED_INCLUDE_IN_FRAMEWORK_HEADER = YES;
				CLANG_WARN_RANGE_LOOP_ANALYSIS = YES;
				CLANG_WARN_STRICT_PROTOTYPES = YES;
				CLANG_WARN_SUSPICIOUS_MOVE = YES;
				CLANG_WARN_UNGUARDED_AVAILABILITY = YES_AGGRESSIVE;
				CLANG_WARN_UNREACHABLE_CODE = YES;
				CLANG_WARN__DUPLICATE_METHOD_MATCH = YES;
				COPY_PHASE_STRIP = NO;
				DEBUG_INFORMATION_FORMAT = dwarf;
				ENABLE_STRICT_OBJC_MSGSEND = YES;
				ENABLE_TESTABILITY = YES;
				GCC_C_LANGUAGE_STANDARD = gnu11;
				GCC_DYNAMIC_NO_PIC = NO;
				GCC_NO_COMMON_BLOCKS = YES;
				GCC_OPTIMIZATION_LEVEL = 0;
				GCC_PREPROCESSOR_DEFINITIONS = (
					"DEBUG=1",
					"$(inherited)",
				);
				GCC_WARN_64_TO_32_BIT_CONVERSION = YES;
				GCC_WARN_ABOUT_RETURN_TYPE = YES_ERROR;
				GCC_WARN_UNDECLARED_SELECTOR = YES;
				GCC_WARN_UNINITIALIZED_AUTOS = YES_AGGRESSIVE;
				GCC_WARN_UNUSED_FUNCTION = YES;
				GCC_WARN_UNUSED_VARIABLE = YES;
				IPHONEOS_DEPLOYMENT_TARGET = 15.0;
				MTL_ENABLE_DEBUG_INFO = INCLUDE_SOURCE;
				MTL_FAST_MATH = YES;
				ONLY_ACTIVE_ARCH = YES;
				SDKROOT = iphoneos;
				SWIFT_ACTIVE_COMPILATION_CONDITIONS = DEBUG;
				SWIFT_OPTIMIZATION_LEVEL = "-Onone";
			};
			name = Debug;
		};
		4905D37E2739E5ED0017AFC2 /* Release */ = {
			isa = XCBuildConfiguration;
			buildSettings = {
				ALWAYS_SEARCH_USER_PATHS = NO;
				CLANG_ANALYZER_NONNULL = YES;
				CLANG_ANALYZER_NUMBER_OBJECT_CONVERSION = YES_AGGRESSIVE;
				CLANG_CXX_LANGUAGE_STANDARD = "gnu++17";
				CLANG_CXX_LIBRARY = "libc++";
				CLANG_ENABLE_MODULES = YES;
				CLANG_ENABLE_OBJC_ARC = YES;
				CLANG_ENABLE_OBJC_WEAK = YES;
				CLANG_WARN_BLOCK_CAPTURE_AUTORELEASING = YES;
				CLANG_WARN_BOOL_CONVERSION = YES;
				CLANG_WARN_COMMA = YES;
				CLANG_WARN_CONSTANT_CONVERSION = YES;
				CLANG_WARN_DEPRECATED_OBJC_IMPLEMENTATIONS = YES;
				CLANG_WARN_DIRECT_OBJC_ISA_USAGE = YES_ERROR;
				CLANG_WARN_DOCUMENTATION_COMMENTS = YES;
				CLANG_WARN_EMPTY_BODY = YES;
				CLANG_WARN_ENUM_CONVERSION = YES;
				CLANG_WARN_INFINITE_RECURSION = YES;
				CLANG_WARN_INT_CONVERSION = YES;
				CLANG_WARN_NON_LITERAL_NULL_CONVERSION = YES;
				CLANG_WARN_OBJC_IMPLICIT_RETAIN_SELF = YES;
				CLANG_WARN_OBJC_LITERAL_CONVERSION = YES;
				CLANG_WARN_OBJC_ROOT_CLASS = YES_ERROR;
				CLANG_WARN_QUOTED_INCLUDE_IN_FRAMEWORK_HEADER = YES;
				CLANG_WARN_RANGE_LOOP_ANALYSIS = YES;
				CLANG_WARN_STRICT_PROTOTYPES = YES;
				CLANG_WARN_SUSPICIOUS_MOVE = YES;
				CLANG_WARN_UNGUARDED_AVAILABILITY = YES_AGGRESSIVE;
				CLANG_WARN_UNREACHABLE_CODE = YES;
				CLANG_WARN__DUPLICATE_METHOD_MATCH = YES;
				COPY_PHASE_STRIP = NO;
				DEBUG_INFORMATION_FORMAT = "dwarf-with-dsym";
				ENABLE_NS_ASSERTIONS = NO;
				ENABLE_STRICT_OBJC_MSGSEND = YES;
				GCC_C_LANGUAGE_STANDARD = gnu11;
				GCC_NO_COMMON_BLOCKS = YES;
				GCC_WARN_64_TO_32_BIT_CONVERSION = YES;
				GCC_WARN_ABOUT_RETURN_TYPE = YES_ERROR;
				GCC_WARN_UNDECLARED_SELECTOR = YES;
				GCC_WARN_UNINITIALIZED_AUTOS = YES_AGGRESSIVE;
				GCC_WARN_UNUSED_FUNCTION = YES;
				GCC_WARN_UNUSED_VARIABLE = YES;
				IPHONEOS_DEPLOYMENT_TARGET = 15.0;
				MTL_ENABLE_DEBUG_INFO = NO;
				MTL_FAST_MATH = YES;
				SDKROOT = iphoneos;
				SWIFT_COMPILATION_MODE = wholemodule;
				SWIFT_OPTIMIZATION_LEVEL = "-O";
				VALIDATE_PRODUCT = YES;
			};
			name = Release;
		};
		4905D3802739E5ED0017AFC2 /* Debug */ = {
			isa = XCBuildConfiguration;
			buildSettings = {
				ASSETCATALOG_COMPILER_APPICON_NAME = AppIcon;
				ASSETCATALOG_COMPILER_GLOBAL_ACCENT_COLOR_NAME = AccentColor;
				CODE_SIGN_STYLE = Automatic;
				CURRENT_PROJECT_VERSION = 1;
				DEVELOPMENT_ASSET_PATHS = "\"Activity Tracker/Preview Content\"";
				DEVELOPMENT_TEAM = 87TNJ5KVNP;
				ENABLE_PREVIEWS = YES;
				GENERATE_INFOPLIST_FILE = YES;
				INFOPLIST_FILE = "Activity-Tracker-Info.plist";
				INFOPLIST_KEY_NSCameraUsageDescription = "access to take photo";
				INFOPLIST_KEY_NSPhotoLibraryUsageDescription = "access to library";
				INFOPLIST_KEY_UIApplicationSceneManifest_Generation = YES;
				INFOPLIST_KEY_UIApplicationSupportsIndirectInputEvents = YES;
				INFOPLIST_KEY_UILaunchScreen_Generation = YES;
				INFOPLIST_KEY_UISupportedInterfaceOrientations_iPad = "UIInterfaceOrientationPortrait UIInterfaceOrientationPortraitUpsideDown UIInterfaceOrientationLandscapeLeft UIInterfaceOrientationLandscapeRight";
				INFOPLIST_KEY_UISupportedInterfaceOrientations_iPhone = "UIInterfaceOrientationPortrait UIInterfaceOrientationLandscapeLeft UIInterfaceOrientationLandscapeRight";
				LD_RUNPATH_SEARCH_PATHS = (
					"$(inherited)",
					"@executable_path/Frameworks",
				);
				MARKETING_VERSION = 1.0;
				PRODUCT_BUNDLE_IDENTIFIER = "com.luu.van.Activity-Tracker";
				PRODUCT_NAME = "$(TARGET_NAME)";
				SWIFT_EMIT_LOC_STRINGS = YES;
				SWIFT_VERSION = 5.0;
				TARGETED_DEVICE_FAMILY = "1,2";
			};
			name = Debug;
		};
		4905D3812739E5ED0017AFC2 /* Release */ = {
			isa = XCBuildConfiguration;
			buildSettings = {
				ASSETCATALOG_COMPILER_APPICON_NAME = AppIcon;
				ASSETCATALOG_COMPILER_GLOBAL_ACCENT_COLOR_NAME = AccentColor;
				CODE_SIGN_STYLE = Automatic;
				CURRENT_PROJECT_VERSION = 1;
				DEVELOPMENT_ASSET_PATHS = "\"Activity Tracker/Preview Content\"";
				DEVELOPMENT_TEAM = 87TNJ5KVNP;
				ENABLE_PREVIEWS = YES;
				GENERATE_INFOPLIST_FILE = YES;
				INFOPLIST_FILE = "Activity-Tracker-Info.plist";
				INFOPLIST_KEY_NSCameraUsageDescription = "access to take photo";
				INFOPLIST_KEY_NSPhotoLibraryUsageDescription = "access to library";
				INFOPLIST_KEY_UIApplicationSceneManifest_Generation = YES;
				INFOPLIST_KEY_UIApplicationSupportsIndirectInputEvents = YES;
				INFOPLIST_KEY_UILaunchScreen_Generation = YES;
				INFOPLIST_KEY_UISupportedInterfaceOrientations_iPad = "UIInterfaceOrientationPortrait UIInterfaceOrientationPortraitUpsideDown UIInterfaceOrientationLandscapeLeft UIInterfaceOrientationLandscapeRight";
				INFOPLIST_KEY_UISupportedInterfaceOrientations_iPhone = "UIInterfaceOrientationPortrait UIInterfaceOrientationLandscapeLeft UIInterfaceOrientationLandscapeRight";
				LD_RUNPATH_SEARCH_PATHS = (
					"$(inherited)",
					"@executable_path/Frameworks",
				);
				MARKETING_VERSION = 1.0;
				PRODUCT_BUNDLE_IDENTIFIER = "com.luu.van.Activity-Tracker";
				PRODUCT_NAME = "$(TARGET_NAME)";
				SWIFT_EMIT_LOC_STRINGS = YES;
				SWIFT_VERSION = 5.0;
				TARGETED_DEVICE_FAMILY = "1,2";
			};
			name = Release;
		};
/* End XCBuildConfiguration section */

/* Begin XCConfigurationList section */
		4905D3672739E5EB0017AFC2 /* Build configuration list for PBXProject "Activity Tracker" */ = {
			isa = XCConfigurationList;
			buildConfigurations = (
				4905D37D2739E5ED0017AFC2 /* Debug */,
				4905D37E2739E5ED0017AFC2 /* Release */,
			);
			defaultConfigurationIsVisible = 0;
			defaultConfigurationName = Release;
		};
		4905D37F2739E5ED0017AFC2 /* Build configuration list for PBXNativeTarget "Activity Tracker" */ = {
			isa = XCConfigurationList;
			buildConfigurations = (
				4905D3802739E5ED0017AFC2 /* Debug */,
				4905D3812739E5ED0017AFC2 /* Release */,
			);
			defaultConfigurationIsVisible = 0;
			defaultConfigurationName = Release;
		};
/* End XCConfigurationList section */

/* Begin XCRemoteSwiftPackageReference section */
		4905D3B0273B38C70017AFC2 /* XCRemoteSwiftPackageReference "swiftui-flow-layout" */ = {
			isa = XCRemoteSwiftPackageReference;
			repositoryURL = "https://github.com/globulus/swiftui-flow-layout";
			requirement = {
				kind = upToNextMajorVersion;
				minimumVersion = 1.0.0;
			};
		};
		4929684E2744378E00DA88F0 /* XCRemoteSwiftPackageReference "YPImagePicker" */ = {
			isa = XCRemoteSwiftPackageReference;
			repositoryURL = "https://github.com/Yummypets/YPImagePicker";
			requirement = {
				branch = spm_fix;
				kind = branch;
			};
		};
		492968512744415500DA88F0 /* XCRemoteSwiftPackageReference "swiftui-image-viewer" */ = {
			isa = XCRemoteSwiftPackageReference;
			repositoryURL = "https://github.com/Jake-Short/swiftui-image-viewer";
			requirement = {
				branch = master;
				kind = branch;
			};
		};
/* End XCRemoteSwiftPackageReference section */

/* Begin XCSwiftPackageProductDependency section */
		4905D3B1273B38C70017AFC2 /* SwiftUIFlowLayout */ = {
			isa = XCSwiftPackageProductDependency;
			package = 4905D3B0273B38C70017AFC2 /* XCRemoteSwiftPackageReference "swiftui-flow-layout" */;
			productName = SwiftUIFlowLayout;
		};
		4929684F2744378E00DA88F0 /* YPImagePicker */ = {
			isa = XCSwiftPackageProductDependency;
			package = 4929684E2744378E00DA88F0 /* XCRemoteSwiftPackageReference "YPImagePicker" */;
			productName = YPImagePicker;
		};
		492968522744415500DA88F0 /* ImageViewer */ = {
			isa = XCSwiftPackageProductDependency;
			package = 492968512744415500DA88F0 /* XCRemoteSwiftPackageReference "swiftui-image-viewer" */;
			productName = ImageViewer;
		};
/* End XCSwiftPackageProductDependency section */

/* Begin XCVersionGroup section */
		4905D37A2739E5ED0017AFC2 /* Activity_Tracker.xcdatamodeld */ = {
			isa = XCVersionGroup;
			children = (
				4905D37B2739E5ED0017AFC2 /* Activity_Tracker.xcdatamodel */,
			);
			currentVersion = 4905D37B2739E5ED0017AFC2 /* Activity_Tracker.xcdatamodel */;
			path = Activity_Tracker.xcdatamodeld;
			sourceTree = "<group>";
			versionGroupType = wrapper.xcdatamodel;
		};
/* End XCVersionGroup section */
	};
	rootObject = 4905D3642739E5EB0017AFC2 /* Project object */;
}
