// !$*UTF8*$!
{
	archiveVersion = 1;
	classes = {
	};
	objectVersion = 55;
	objects = {

/* Begin PBXBuildFile section */
		4905D3702739E5EB0017AFC2 /* Activity_TrackerApp.swift in Sources */ = {isa = PBXBuildFile; fileRef = 4905D36F2739E5EB0017AFC2 /* Activity_TrackerApp.swift */; };
		4905D3722739E5EB0017AFC2 /* HomeView.swift in Sources */ = {isa = PBXBuildFile; fileRef = 4905D3712739E5EB0017AFC2 /* HomeView.swift */; };
		4905D3742739E5ED0017AFC2 /* Assets.xcassets in Resources */ = {isa = PBXBuildFile; fileRef = 4905D3732739E5ED0017AFC2 /* Assets.xcassets */; };
		4905D3772739E5ED0017AFC2 /* Preview Assets.xcassets in Resources */ = {isa = PBXBuildFile; fileRef = 4905D3762739E5ED0017AFC2 /* Preview Assets.xcassets */; };
		4905D3792739E5ED0017AFC2 /* Persistence.swift in Sources */ = {isa = PBXBuildFile; fileRef = 4905D3782739E5ED0017AFC2 /* Persistence.swift */; };
		4905D37C2739E5ED0017AFC2 /* Activity_Tracker.xcdatamodeld in Sources */ = {isa = PBXBuildFile; fileRef = 4905D37A2739E5ED0017AFC2 /* Activity_Tracker.xcdatamodeld */; };
		4905D3842739E7A40017AFC2 /* Buttonify.swift in Sources */ = {isa = PBXBuildFile; fileRef = 4905D3832739E7A40017AFC2 /* Buttonify.swift */; };
		4905D3AF273B175E0017AFC2 /* UtilityExtension.swift in Sources */ = {isa = PBXBuildFile; fileRef = 4905D3AE273B175E0017AFC2 /* UtilityExtension.swift */; };
		4905D3B2273B38C70017AFC2 /* SwiftUIFlowLayout in Frameworks */ = {isa = PBXBuildFile; productRef = 4905D3B1273B38C70017AFC2 /* SwiftUIFlowLayout */; };
		4905D3B5273B3F380017AFC2 /* Colors.swift in Sources */ = {isa = PBXBuildFile; fileRef = 4905D3B4273B3F380017AFC2 /* Colors.swift */; };
		4905D3B7273B40660017AFC2 /* Texts.swift in Sources */ = {isa = PBXBuildFile; fileRef = 4905D3B6273B40660017AFC2 /* Texts.swift */; };
		4905D3BA273C5B260017AFC2 /* ActivityTracker.xcdatamodeld in Sources */ = {isa = PBXBuildFile; fileRef = 4905D3B8273C5B260017AFC2 /* ActivityTracker.xcdatamodeld */; };
		4905D3BD273C5C870017AFC2 /* Activity.swift in Sources */ = {isa = PBXBuildFile; fileRef = 4905D3BC273C5C870017AFC2 /* Activity.swift */; };
		4905D3BF273C5D2A0017AFC2 /* Tag.swift in Sources */ = {isa = PBXBuildFile; fileRef = 4905D3BE273C5D2A0017AFC2 /* Tag.swift */; };
		4905D3C1273C5D370017AFC2 /* Folder.swift in Sources */ = {isa = PBXBuildFile; fileRef = 4905D3C0273C5D370017AFC2 /* Folder.swift */; };
		4905D3C3273C5D460017AFC2 /* Photo.swift in Sources */ = {isa = PBXBuildFile; fileRef = 4905D3C2273C5D460017AFC2 /* Photo.swift */; };
/* End PBXBuildFile section */

/* Begin PBXFileReference section */
		4905D36C2739E5EB0017AFC2 /* Activity Tracker.app */ = {isa = PBXFileReference; explicitFileType = wrapper.application; includeInIndex = 0; path = "Activity Tracker.app"; sourceTree = BUILT_PRODUCTS_DIR; };
		4905D36F2739E5EB0017AFC2 /* Activity_TrackerApp.swift */ = {isa = PBXFileReference; lastKnownFileType = sourcecode.swift; path = Activity_TrackerApp.swift; sourceTree = "<group>"; };
		4905D3712739E5EB0017AFC2 /* HomeView.swift */ = {isa = PBXFileReference; lastKnownFileType = sourcecode.swift; path = HomeView.swift; sourceTree = "<group>"; };
		4905D3732739E5ED0017AFC2 /* Assets.xcassets */ = {isa = PBXFileReference; lastKnownFileType = folder.assetcatalog; path = Assets.xcassets; sourceTree = "<group>"; };
		4905D3762739E5ED0017AFC2 /* Preview Assets.xcassets */ = {isa = PBXFileReference; lastKnownFileType = folder.assetcatalog; path = "Preview Assets.xcassets"; sourceTree = "<group>"; };
		4905D3782739E5ED0017AFC2 /* Persistence.swift */ = {isa = PBXFileReference; lastKnownFileType = sourcecode.swift; path = Persistence.swift; sourceTree = "<group>"; };
		4905D37B2739E5ED0017AFC2 /* Activity_Tracker.xcdatamodel */ = {isa = PBXFileReference; lastKnownFileType = wrapper.xcdatamodel; path = Activity_Tracker.xcdatamodel; sourceTree = "<group>"; };
		4905D3832739E7A40017AFC2 /* Buttonify.swift */ = {isa = PBXFileReference; lastKnownFileType = sourcecode.swift; path = Buttonify.swift; sourceTree = "<group>"; };
		4905D3AE273B175E0017AFC2 /* UtilityExtension.swift */ = {isa = PBXFileReference; lastKnownFileType = sourcecode.swift; path = UtilityExtension.swift; sourceTree = "<group>"; };
		4905D3B4273B3F380017AFC2 /* Colors.swift */ = {isa = PBXFileReference; lastKnownFileType = sourcecode.swift; path = Colors.swift; sourceTree = "<group>"; };
		4905D3B6273B40660017AFC2 /* Texts.swift */ = {isa = PBXFileReference; lastKnownFileType = sourcecode.swift; path = Texts.swift; sourceTree = "<group>"; };
		4905D3B9273C5B260017AFC2 /* ActivityTracker.xcdatamodel */ = {isa = PBXFileReference; lastKnownFileType = wrapper.xcdatamodel; path = ActivityTracker.xcdatamodel; sourceTree = "<group>"; };
		4905D3BC273C5C870017AFC2 /* Activity.swift */ = {isa = PBXFileReference; lastKnownFileType = sourcecode.swift; path = Activity.swift; sourceTree = "<group>"; };
		4905D3BE273C5D2A0017AFC2 /* Tag.swift */ = {isa = PBXFileReference; lastKnownFileType = sourcecode.swift; path = Tag.swift; sourceTree = "<group>"; };
		4905D3C0273C5D370017AFC2 /* Folder.swift */ = {isa = PBXFileReference; lastKnownFileType = sourcecode.swift; path = Folder.swift; sourceTree = "<group>"; };
		4905D3C2273C5D460017AFC2 /* Photo.swift */ = {isa = PBXFileReference; lastKnownFileType = sourcecode.swift; path = Photo.swift; sourceTree = "<group>"; };
/* End PBXFileReference section */

/* Begin PBXFrameworksBuildPhase section */
		4905D3692739E5EB0017AFC2 /* Frameworks */ = {
			isa = PBXFrameworksBuildPhase;
			buildActionMask = 2147483647;
			files = (
				4905D3B2273B38C70017AFC2 /* SwiftUIFlowLayout in Frameworks */,
			);
			runOnlyForDeploymentPostprocessing = 0;
		};
/* End PBXFrameworksBuildPhase section */

/* Begin PBXGroup section */
		4905D3632739E5EB0017AFC2 = {
			isa = PBXGroup;
			children = (
				4905D36E2739E5EB0017AFC2 /* Activity Tracker */,
				4905D36D2739E5EB0017AFC2 /* Products */,
			);
			sourceTree = "<group>";
		};
		4905D36D2739E5EB0017AFC2 /* Products */ = {
			isa = PBXGroup;
			children = (
				4905D36C2739E5EB0017AFC2 /* Activity Tracker.app */,
			);
			name = Products;
			sourceTree = "<group>";
		};
		4905D36E2739E5EB0017AFC2 /* Activity Tracker */ = {
			isa = PBXGroup;
			children = (
				4905D3BB273C5C6B0017AFC2 /* Models */,
				4905D3B3273B3F2B0017AFC2 /* Styles */,
				4905D3822739E7290017AFC2 /* View Modifiers */,
				4905D36F2739E5EB0017AFC2 /* Activity_TrackerApp.swift */,
				4905D3712739E5EB0017AFC2 /* HomeView.swift */,
				4905D3732739E5ED0017AFC2 /* Assets.xcassets */,
				4905D3782739E5ED0017AFC2 /* Persistence.swift */,
				4905D37A2739E5ED0017AFC2 /* Activity_Tracker.xcdatamodeld */,
				4905D3752739E5ED0017AFC2 /* Preview Content */,
				4905D3AE273B175E0017AFC2 /* UtilityExtension.swift */,
				4905D3B8273C5B260017AFC2 /* ActivityTracker.xcdatamodeld */,
			);
			path = "Activity Tracker";
			sourceTree = "<group>";
		};
		4905D3752739E5ED0017AFC2 /* Preview Content */ = {
			isa = PBXGroup;
			children = (
				4905D3762739E5ED0017AFC2 /* Preview Assets.xcassets */,
			);
			path = "Preview Content";
			sourceTree = "<group>";
		};
		4905D3822739E7290017AFC2 /* View Modifiers */ = {
			isa = PBXGroup;
			children = (
				4905D3832739E7A40017AFC2 /* Buttonify.swift */,
			);
			path = "View Modifiers";
			sourceTree = "<group>";
		};
		4905D3B3273B3F2B0017AFC2 /* Styles */ = {
			isa = PBXGroup;
			children = (
				4905D3B4273B3F380017AFC2 /* Colors.swift */,
				4905D3B6273B40660017AFC2 /* Texts.swift */,
			);
			path = Styles;
			sourceTree = "<group>";
		};
		4905D3BB273C5C6B0017AFC2 /* Models */ = {
			isa = PBXGroup;
			children = (
				4905D3BC273C5C870017AFC2 /* Activity.swift */,
				4905D3BE273C5D2A0017AFC2 /* Tag.swift */,
				4905D3C0273C5D370017AFC2 /* Folder.swift */,
				4905D3C2273C5D460017AFC2 /* Photo.swift */,
			);
			path = Models;
			sourceTree = "<group>";
		};
/* End PBXGroup section */

/* Begin PBXNativeTarget section */
		4905D36B2739E5EB0017AFC2 /* Activity Tracker */ = {
			isa = PBXNativeTarget;
			buildConfigurationList = 4905D37F2739E5ED0017AFC2 /* Build configuration list for PBXNativeTarget "Activity Tracker" */;
			buildPhases = (
				4905D3682739E5EB0017AFC2 /* Sources */,
				4905D3692739E5EB0017AFC2 /* Frameworks */,
				4905D36A2739E5EB0017AFC2 /* Resources */,
			);
			buildRules = (
			);
			dependencies = (
			);
			name = "Activity Tracker";
			packageProductDependencies = (
				4905D3B1273B38C70017AFC2 /* SwiftUIFlowLayout */,
			);
			productName = "Activity Tracker";
			productReference = 4905D36C2739E5EB0017AFC2 /* Activity Tracker.app */;
			productType = "com.apple.product-type.application";
		};
/* End PBXNativeTarget section */

/* Begin PBXProject section */
		4905D3642739E5EB0017AFC2 /* Project object */ = {
			isa = PBXProject;
			attributes = {
				BuildIndependentTargetsInParallel = 1;
				LastSwiftUpdateCheck = 1310;
				LastUpgradeCheck = 1310;
				TargetAttributes = {
					4905D36B2739E5EB0017AFC2 = {
						CreatedOnToolsVersion = 13.1;
					};
				};
			};
			buildConfigurationList = 4905D3672739E5EB0017AFC2 /* Build configuration list for PBXProject "Activity Tracker" */;
			compatibilityVersion = "Xcode 13.0";
			developmentRegion = en;
			hasScannedForEncodings = 0;
			knownRegions = (
				en,
				Base,
			);
			mainGroup = 4905D3632739E5EB0017AFC2;
			packageReferences = (
				4905D3B0273B38C70017AFC2 /* XCRemoteSwiftPackageReference "swiftui-flow-layout" */,
			);
			productRefGroup = 4905D36D2739E5EB0017AFC2 /* Products */;
			projectDirPath = "";
			projectRoot = "";
			targets = (
				4905D36B2739E5EB0017AFC2 /* Activity Tracker */,
			);
		};
/* End PBXProject section */

/* Begin PBXResourcesBuildPhase section */
		4905D36A2739E5EB0017AFC2 /* Resources */ = {
			isa = PBXResourcesBuildPhase;
			buildActionMask = 2147483647;
			files = (
				4905D3772739E5ED0017AFC2 /* Preview Assets.xcassets in Resources */,
				4905D3742739E5ED0017AFC2 /* Assets.xcassets in Resources */,
			);
			runOnlyForDeploymentPostprocessing = 0;
		};
/* End PBXResourcesBuildPhase section */

/* Begin PBXSourcesBuildPhase section */
		4905D3682739E5EB0017AFC2 /* Sources */ = {
			isa = PBXSourcesBuildPhase;
			buildActionMask = 2147483647;
			files = (
				4905D3BD273C5C870017AFC2 /* Activity.swift in Sources */,
				4905D3842739E7A40017AFC2 /* Buttonify.swift in Sources */,
				4905D3AF273B175E0017AFC2 /* UtilityExtension.swift in Sources */,
				4905D3792739E5ED0017AFC2 /* Persistence.swift in Sources */,
				4905D3B5273B3F380017AFC2 /* Colors.swift in Sources */,
				4905D37C2739E5ED0017AFC2 /* Activity_Tracker.xcdatamodeld in Sources */,
				4905D3C3273C5D460017AFC2 /* Photo.swift in Sources */,
				4905D3BF273C5D2A0017AFC2 /* Tag.swift in Sources */,
				4905D3722739E5EB0017AFC2 /* HomeView.swift in Sources */,
				4905D3BA273C5B260017AFC2 /* ActivityTracker.xcdatamodeld in Sources */,
				4905D3B7273B40660017AFC2 /* Texts.swift in Sources */,
				4905D3702739E5EB0017AFC2 /* Activity_TrackerApp.swift in Sources */,
				4905D3C1273C5D370017AFC2 /* Folder.swift in Sources */,
			);
			runOnlyForDeploymentPostprocessing = 0;
		};
/* End PBXSourcesBuildPhase section */

/* Begin XCBuildConfiguration section */
		4905D37D2739E5ED0017AFC2 /* Debug */ = {
			isa = XCBuildConfiguration;
			buildSettings = {
				ALWAYS_SEARCH_USER_PATHS = NO;
				CLANG_ANALYZER_NONNULL = YES;
				CLANG_ANALYZER_NUMBER_OBJECT_CONVERSION = YES_AGGRESSIVE;
				CLANG_CXX_LANGUAGE_STANDARD = "gnu++17";
				CLANG_CXX_LIBRARY = "libc++";
				CLANG_ENABLE_MODULES = YES;
				CLANG_ENABLE_OBJC_ARC = YES;
				CLANG_ENABLE_OBJC_WEAK = YES;
				CLANG_WARN_BLOCK_CAPTURE_AUTORELEASING = YES;
				CLANG_WARN_BOOL_CONVERSION = YES;
				CLANG_WARN_COMMA = YES;
				CLANG_WARN_CONSTANT_CONVERSION = YES;
				CLANG_WARN_DEPRECATED_OBJC_IMPLEMENTATIONS = YES;
				CLANG_WARN_DIRECT_OBJC_ISA_USAGE = YES_ERROR;
				CLANG_WARN_DOCUMENTATION_COMMENTS = YES;
				CLANG_WARN_EMPTY_BODY = YES;
				CLANG_WARN_ENUM_CONVERSION = YES;
				CLANG_WARN_INFINITE_RECURSION = YES;
				CLANG_WARN_INT_CONVERSION = YES;
				CLANG_WARN_NON_LITERAL_NULL_CONVERSION = YES;
				CLANG_WARN_OBJC_IMPLICIT_RETAIN_SELF = YES;
				CLANG_WARN_OBJC_LITERAL_CONVERSION = YES;
				CLANG_WARN_OBJC_ROOT_CLASS = YES_ERROR;
				CLANG_WARN_QUOTED_INCLUDE_IN_FRAMEWORK_HEADER = YES;
				CLANG_WARN_RANGE_LOOP_ANALYSIS = YES;
				CLANG_WARN_STRICT_PROTOTYPES = YES;
				CLANG_WARN_SUSPICIOUS_MOVE = YES;
				CLANG_WARN_UNGUARDED_AVAILABILITY = YES_AGGRESSIVE;
				CLANG_WARN_UNREACHABLE_CODE = YES;
				CLANG_WARN__DUPLICATE_METHOD_MATCH = YES;
				COPY_PHASE_STRIP = NO;
				DEBUG_INFORMATION_FORMAT = dwarf;
				ENABLE_STRICT_OBJC_MSGSEND = YES;
				ENABLE_TESTABILITY = YES;
				GCC_C_LANGUAGE_STANDARD = gnu11;
				GCC_DYNAMIC_NO_PIC = NO;
				GCC_NO_COMMON_BLOCKS = YES;
				GCC_OPTIMIZATION_LEVEL = 0;
				GCC_PREPROCESSOR_DEFINITIONS = (
					"DEBUG=1",
					"$(inherited)",
				);
				GCC_WARN_64_TO_32_BIT_CONVERSION = YES;
				GCC_WARN_ABOUT_RETURN_TYPE = YES_ERROR;
				GCC_WARN_UNDECLARED_SELECTOR = YES;
				GCC_WARN_UNINITIALIZED_AUTOS = YES_AGGRESSIVE;
				GCC_WARN_UNUSED_FUNCTION = YES;
				GCC_WARN_UNUSED_VARIABLE = YES;
				IPHONEOS_DEPLOYMENT_TARGET = 15.0;
				MTL_ENABLE_DEBUG_INFO = INCLUDE_SOURCE;
				MTL_FAST_MATH = YES;
				ONLY_ACTIVE_ARCH = YES;
				SDKROOT = iphoneos;
				SWIFT_ACTIVE_COMPILATION_CONDITIONS = DEBUG;
				SWIFT_OPTIMIZATION_LEVEL = "-Onone";
			};
			name = Debug;
		};
		4905D37E2739E5ED0017AFC2 /* Release */ = {
			isa = XCBuildConfiguration;
			buildSettings = {
				ALWAYS_SEARCH_USER_PATHS = NO;
				CLANG_ANALYZER_NONNULL = YES;
				CLANG_ANALYZER_NUMBER_OBJECT_CONVERSION = YES_AGGRESSIVE;
				CLANG_CXX_LANGUAGE_STANDARD = "gnu++17";
				CLANG_CXX_LIBRARY = "libc++";
				CLANG_ENABLE_MODULES = YES;
				CLANG_ENABLE_OBJC_ARC = YES;
				CLANG_ENABLE_OBJC_WEAK = YES;
				CLANG_WARN_BLOCK_CAPTURE_AUTORELEASING = YES;
				CLANG_WARN_BOOL_CONVERSION = YES;
				CLANG_WARN_COMMA = YES;
				CLANG_WARN_CONSTANT_CONVERSION = YES;
				CLANG_WARN_DEPRECATED_OBJC_IMPLEMENTATIONS = YES;
				CLANG_WARN_DIRECT_OBJC_ISA_USAGE = YES_ERROR;
				CLANG_WARN_DOCUMENTATION_COMMENTS = YES;
				CLANG_WARN_EMPTY_BODY = YES;
				CLANG_WARN_ENUM_CONVERSION = YES;
				CLANG_WARN_INFINITE_RECURSION = YES;
				CLANG_WARN_INT_CONVERSION = YES;
				CLANG_WARN_NON_LITERAL_NULL_CONVERSION = YES;
				CLANG_WARN_OBJC_IMPLICIT_RETAIN_SELF = YES;
				CLANG_WARN_OBJC_LITERAL_CONVERSION = YES;
				CLANG_WARN_OBJC_ROOT_CLASS = YES_ERROR;
				CLANG_WARN_QUOTED_INCLUDE_IN_FRAMEWORK_HEADER = YES;
				CLANG_WARN_RANGE_LOOP_ANALYSIS = YES;
				CLANG_WARN_STRICT_PROTOTYPES = YES;
				CLANG_WARN_SUSPICIOUS_MOVE = YES;
				CLANG_WARN_UNGUARDED_AVAILABILITY = YES_AGGRESSIVE;
				CLANG_WARN_UNREACHABLE_CODE = YES;
				CLANG_WARN__DUPLICATE_METHOD_MATCH = YES;
				COPY_PHASE_STRIP = NO;
				DEBUG_INFORMATION_FORMAT = "dwarf-with-dsym";
				ENABLE_NS_ASSERTIONS = NO;
				ENABLE_STRICT_OBJC_MSGSEND = YES;
				GCC_C_LANGUAGE_STANDARD = gnu11;
				GCC_NO_COMMON_BLOCKS = YES;
				GCC_WARN_64_TO_32_BIT_CONVERSION = YES;
				GCC_WARN_ABOUT_RETURN_TYPE = YES_ERROR;
				GCC_WARN_UNDECLARED_SELECTOR = YES;
				GCC_WARN_UNINITIALIZED_AUTOS = YES_AGGRESSIVE;
				GCC_WARN_UNUSED_FUNCTION = YES;
				GCC_WARN_UNUSED_VARIABLE = YES;
				IPHONEOS_DEPLOYMENT_TARGET = 15.0;
				MTL_ENABLE_DEBUG_INFO = NO;
				MTL_FAST_MATH = YES;
				SDKROOT = iphoneos;
				SWIFT_COMPILATION_MODE = wholemodule;
				SWIFT_OPTIMIZATION_LEVEL = "-O";
				VALIDATE_PRODUCT = YES;
			};
			name = Release;
		};
		4905D3802739E5ED0017AFC2 /* Debug */ = {
			isa = XCBuildConfiguration;
			buildSettings = {
				ASSETCATALOG_COMPILER_APPICON_NAME = AppIcon;
				ASSETCATALOG_COMPILER_GLOBAL_ACCENT_COLOR_NAME = AccentColor;
				CODE_SIGN_STYLE = Automatic;
				CURRENT_PROJECT_VERSION = 1;
				DEVELOPMENT_ASSET_PATHS = "\"Activity Tracker/Preview Content\"";
				DEVELOPMENT_TEAM = 87TNJ5KVNP;
				ENABLE_PREVIEWS = YES;
				GENERATE_INFOPLIST_FILE = YES;
				INFOPLIST_KEY_UIApplicationSceneManifest_Generation = YES;
				INFOPLIST_KEY_UIApplicationSupportsIndirectInputEvents = YES;
				INFOPLIST_KEY_UILaunchScreen_Generation = YES;
				INFOPLIST_KEY_UISupportedInterfaceOrientations_iPad = "UIInterfaceOrientationPortrait UIInterfaceOrientationPortraitUpsideDown UIInterfaceOrientationLandscapeLeft UIInterfaceOrientationLandscapeRight";
				INFOPLIST_KEY_UISupportedInterfaceOrientations_iPhone = "UIInterfaceOrientationPortrait UIInterfaceOrientationLandscapeLeft UIInterfaceOrientationLandscapeRight";
				LD_RUNPATH_SEARCH_PATHS = (
					"$(inherited)",
					"@executable_path/Frameworks",
				);
				MARKETING_VERSION = 1.0;
				PRODUCT_BUNDLE_IDENTIFIER = "com.luu.van.Activity-Tracker";
				PRODUCT_NAME = "$(TARGET_NAME)";
				SWIFT_EMIT_LOC_STRINGS = YES;
				SWIFT_VERSION = 5.0;
				TARGETED_DEVICE_FAMILY = "1,2";
			};
			name = Debug;
		};
		4905D3812739E5ED0017AFC2 /* Release */ = {
			isa = XCBuildConfiguration;
			buildSettings = {
				ASSETCATALOG_COMPILER_APPICON_NAME = AppIcon;
				ASSETCATALOG_COMPILER_GLOBAL_ACCENT_COLOR_NAME = AccentColor;
				CODE_SIGN_STYLE = Automatic;
				CURRENT_PROJECT_VERSION = 1;
				DEVELOPMENT_ASSET_PATHS = "\"Activity Tracker/Preview Content\"";
				DEVELOPMENT_TEAM = 87TNJ5KVNP;
				ENABLE_PREVIEWS = YES;
				GENERATE_INFOPLIST_FILE = YES;
				INFOPLIST_KEY_UIApplicationSceneManifest_Generation = YES;
				INFOPLIST_KEY_UIApplicationSupportsIndirectInputEvents = YES;
				INFOPLIST_KEY_UILaunchScreen_Generation = YES;
				INFOPLIST_KEY_UISupportedInterfaceOrientations_iPad = "UIInterfaceOrientationPortrait UIInterfaceOrientationPortraitUpsideDown UIInterfaceOrientationLandscapeLeft UIInterfaceOrientationLandscapeRight";
				INFOPLIST_KEY_UISupportedInterfaceOrientations_iPhone = "UIInterfaceOrientationPortrait UIInterfaceOrientationLandscapeLeft UIInterfaceOrientationLandscapeRight";
				LD_RUNPATH_SEARCH_PATHS = (
					"$(inherited)",
					"@executable_path/Frameworks",
				);
				MARKETING_VERSION = 1.0;
				PRODUCT_BUNDLE_IDENTIFIER = "com.luu.van.Activity-Tracker";
				PRODUCT_NAME = "$(TARGET_NAME)";
				SWIFT_EMIT_LOC_STRINGS = YES;
				SWIFT_VERSION = 5.0;
				TARGETED_DEVICE_FAMILY = "1,2";
			};
			name = Release;
		};
/* End XCBuildConfiguration section */

/* Begin XCConfigurationList section */
		4905D3672739E5EB0017AFC2 /* Build configuration list for PBXProject "Activity Tracker" */ = {
			isa = XCConfigurationList;
			buildConfigurations = (
				4905D37D2739E5ED0017AFC2 /* Debug */,
				4905D37E2739E5ED0017AFC2 /* Release */,
			);
			defaultConfigurationIsVisible = 0;
			defaultConfigurationName = Release;
		};
		4905D37F2739E5ED0017AFC2 /* Build configuration list for PBXNativeTarget "Activity Tracker" */ = {
			isa = XCConfigurationList;
			buildConfigurations = (
				4905D3802739E5ED0017AFC2 /* Debug */,
				4905D3812739E5ED0017AFC2 /* Release */,
			);
			defaultConfigurationIsVisible = 0;
			defaultConfigurationName = Release;
		};
/* End XCConfigurationList section */

/* Begin XCRemoteSwiftPackageReference section */
		4905D3B0273B38C70017AFC2 /* XCRemoteSwiftPackageReference "swiftui-flow-layout" */ = {
			isa = XCRemoteSwiftPackageReference;
			repositoryURL = "https://github.com/globulus/swiftui-flow-layout";
			requirement = {
				kind = upToNextMajorVersion;
				minimumVersion = 1.0.0;
			};
		};
/* End XCRemoteSwiftPackageReference section */

/* Begin XCSwiftPackageProductDependency section */
		4905D3B1273B38C70017AFC2 /* SwiftUIFlowLayout */ = {
			isa = XCSwiftPackageProductDependency;
			package = 4905D3B0273B38C70017AFC2 /* XCRemoteSwiftPackageReference "swiftui-flow-layout" */;
			productName = SwiftUIFlowLayout;
		};
/* End XCSwiftPackageProductDependency section */

/* Begin XCVersionGroup section */
		4905D37A2739E5ED0017AFC2 /* Activity_Tracker.xcdatamodeld */ = {
			isa = XCVersionGroup;
			children = (
				4905D37B2739E5ED0017AFC2 /* Activity_Tracker.xcdatamodel */,
			);
			currentVersion = 4905D37B2739E5ED0017AFC2 /* Activity_Tracker.xcdatamodel */;
			path = Activity_Tracker.xcdatamodeld;
			sourceTree = "<group>";
			versionGroupType = wrapper.xcdatamodel;
		};
		4905D3B8273C5B260017AFC2 /* ActivityTracker.xcdatamodeld */ = {
			isa = XCVersionGroup;
			children = (
				4905D3B9273C5B260017AFC2 /* ActivityTracker.xcdatamodel */,
			);
			currentVersion = 4905D3B9273C5B260017AFC2 /* ActivityTracker.xcdatamodel */;
			path = ActivityTracker.xcdatamodeld;
			sourceTree = "<group>";
			versionGroupType = wrapper.xcdatamodel;
		};
/* End XCVersionGroup section */
	};
	rootObject = 4905D3642739E5EB0017AFC2 /* Project object */;
}
